
Microsoft Visual Studio Solution File, Format Version 12.00
# Visual Studio Version 16
VisualStudioVersion = 16.0.31424.327
MinimumVisualStudioVersion = 10.0.40219.1
Project("{FAE04EC0-301F-11D3-BF4B-00C04F79EFBC}") = "CCID_Test_automation_", "CCID_Test_automation_\CCID_Test_automation_.csproj", "{CDACCFC8-D828-4AC6-99FE-FAA4806E7E83}"
EndProject
Global
	GlobalSection(SolutionConfigurationPlatforms) = preSolution
		Debug|Any CPU = Debug|Any CPU
		Release|Any CPU = Release|Any CPU
	EndGlobalSection
	GlobalSection(ProjectConfigurationPlatforms) = postSolution
		{CDACCFC8-D828-4AC6-99FE-FAA4806E7E83}.Debug|Any CPU.ActiveCfg = Debug|Any CPU
		{CDACCFC8-D828-4AC6-99FE-FAA4806E7E83}.Debug|Any CPU.Build.0 = Debug|Any CPU
		{CDACCFC8-D828-4AC6-99FE-FAA4806E7E83}.Release|Any CPU.ActiveCfg = Release|Any CPU
		{CDACCFC8-D828-4AC6-99FE-FAA4806E7E83}.Release|Any CPU.Build.0 = Release|Any CPU
	EndGlobalSection
	GlobalSection(SolutionProperties) = preSolution
		HideSolutionNode = FALSE
	EndGlobalSection
	GlobalSection(ExtensibilityGlobals) = postSolution
		SolutionGuid = {DB22C41D-264B-4C08-8D3A-0DF0DDF904D6}
	EndGlobalSection
EndGlobal
